// !$*UTF8*$!
{
	archiveVersion = 1;
	classes = {
	};
	objectVersion = 56;
	objects = {

/* Begin PBXBuildFile section */
		9C11A195296F318200240E3E /* ReminderViewController.swift in Sources */ = {isa = PBXBuildFile; fileRef = 9C11A194296F318200240E3E /* ReminderViewController.swift */; };
		9C11A197296F350B00240E3E /* ReminderViewController+Row.swift in Sources */ = {isa = PBXBuildFile; fileRef = 9C11A196296F350B00240E3E /* ReminderViewController+Row.swift */; };
		9C11A199296F37D700240E3E /* UIColor+.swift in Sources */ = {isa = PBXBuildFile; fileRef = 9C11A198296F37D700240E3E /* UIColor+.swift */; };
		9CA5630C296C7E1100F0892C /* AppDelegate.swift in Sources */ = {isa = PBXBuildFile; fileRef = 9CA5630B296C7E1100F0892C /* AppDelegate.swift */; };
		9CA5630E296C7E1100F0892C /* SceneDelegate.swift in Sources */ = {isa = PBXBuildFile; fileRef = 9CA5630D296C7E1100F0892C /* SceneDelegate.swift */; };
		9CA56310296C7E1100F0892C /* MainViewController.swift in Sources */ = {isa = PBXBuildFile; fileRef = 9CA5630F296C7E1100F0892C /* MainViewController.swift */; };
		9CA56315296C7E1400F0892C /* Assets.xcassets in Resources */ = {isa = PBXBuildFile; fileRef = 9CA56314296C7E1400F0892C /* Assets.xcassets */; };
		9CA56318296C7E1400F0892C /* LaunchScreen.storyboard in Resources */ = {isa = PBXBuildFile; fileRef = 9CA56316296C7E1400F0892C /* LaunchScreen.storyboard */; };
		9CA56323296C7FDB00F0892C /* AppCoordinator.swift in Sources */ = {isa = PBXBuildFile; fileRef = 9CA56322296C7FDB00F0892C /* AppCoordinator.swift */; };
		9CA56325296C802000F0892C /* AppCoordinatorProtocol.swift in Sources */ = {isa = PBXBuildFile; fileRef = 9CA56324296C802000F0892C /* AppCoordinatorProtocol.swift */; };
		9CA56327296C81B300F0892C /* UIFont+.swift in Sources */ = {isa = PBXBuildFile; fileRef = 9CA56326296C81B300F0892C /* UIFont+.swift */; };
		9CA5632C296C8AE500F0892C /* Reminder.swift in Sources */ = {isa = PBXBuildFile; fileRef = 9CA5632B296C8AE500F0892C /* Reminder.swift */; };
		9CA5632F296C943F00F0892C /* Date+Today.swift in Sources */ = {isa = PBXBuildFile; fileRef = 9CA5632E296C943F00F0892C /* Date+Today.swift */; };
		9CA56331296DB37700F0892C /* Array+Reminder.swift in Sources */ = {isa = PBXBuildFile; fileRef = 9CA56330296DB37700F0892C /* Array+Reminder.swift */; };
		9CA56334296DB59600F0892C /* ReminderDoneButton.swift in Sources */ = {isa = PBXBuildFile; fileRef = 9CA56333296DB59600F0892C /* ReminderDoneButton.swift */; };
		9CA56337296DB98A00F0892C /* MainViewController+Action.swift in Sources */ = {isa = PBXBuildFile; fileRef = 9CA56336296DB98A00F0892C /* MainViewController+Action.swift */; };
/* End PBXBuildFile section */

/* Begin PBXFileReference section */
		9C11A194296F318200240E3E /* ReminderViewController.swift */ = {isa = PBXFileReference; lastKnownFileType = sourcecode.swift; path = ReminderViewController.swift; sourceTree = "<group>"; };
		9C11A196296F350B00240E3E /* ReminderViewController+Row.swift */ = {isa = PBXFileReference; lastKnownFileType = sourcecode.swift; path = "ReminderViewController+Row.swift"; sourceTree = "<group>"; };
		9C11A198296F37D700240E3E /* UIColor+.swift */ = {isa = PBXFileReference; lastKnownFileType = sourcecode.swift; path = "UIColor+.swift"; sourceTree = "<group>"; };
		9CA56308296C7E1100F0892C /* Reminder.app */ = {isa = PBXFileReference; explicitFileType = wrapper.application; includeInIndex = 0; path = Reminder.app; sourceTree = BUILT_PRODUCTS_DIR; };
		9CA5630B296C7E1100F0892C /* AppDelegate.swift */ = {isa = PBXFileReference; lastKnownFileType = sourcecode.swift; path = AppDelegate.swift; sourceTree = "<group>"; };
		9CA5630D296C7E1100F0892C /* SceneDelegate.swift */ = {isa = PBXFileReference; lastKnownFileType = sourcecode.swift; path = SceneDelegate.swift; sourceTree = "<group>"; };
		9CA5630F296C7E1100F0892C /* MainViewController.swift */ = {isa = PBXFileReference; lastKnownFileType = sourcecode.swift; path = MainViewController.swift; sourceTree = "<group>"; };
		9CA56314296C7E1400F0892C /* Assets.xcassets */ = {isa = PBXFileReference; lastKnownFileType = folder.assetcatalog; path = Assets.xcassets; sourceTree = "<group>"; };
		9CA56317296C7E1400F0892C /* Base */ = {isa = PBXFileReference; lastKnownFileType = file.storyboard; name = Base; path = Base.lproj/LaunchScreen.storyboard; sourceTree = "<group>"; };
		9CA56319296C7E1400F0892C /* Info.plist */ = {isa = PBXFileReference; lastKnownFileType = text.plist.xml; path = Info.plist; sourceTree = "<group>"; };
		9CA56322296C7FDB00F0892C /* AppCoordinator.swift */ = {isa = PBXFileReference; lastKnownFileType = sourcecode.swift; path = AppCoordinator.swift; sourceTree = "<group>"; };
		9CA56324296C802000F0892C /* AppCoordinatorProtocol.swift */ = {isa = PBXFileReference; lastKnownFileType = sourcecode.swift; path = AppCoordinatorProtocol.swift; sourceTree = "<group>"; };
		9CA56326296C81B300F0892C /* UIFont+.swift */ = {isa = PBXFileReference; lastKnownFileType = sourcecode.swift; path = "UIFont+.swift"; sourceTree = "<group>"; };
		9CA5632B296C8AE500F0892C /* Reminder.swift */ = {isa = PBXFileReference; lastKnownFileType = sourcecode.swift; path = Reminder.swift; sourceTree = "<group>"; };
		9CA5632E296C943F00F0892C /* Date+Today.swift */ = {isa = PBXFileReference; lastKnownFileType = sourcecode.swift; path = "Date+Today.swift"; sourceTree = "<group>"; };
		9CA56330296DB37700F0892C /* Array+Reminder.swift */ = {isa = PBXFileReference; lastKnownFileType = sourcecode.swift; path = "Array+Reminder.swift"; sourceTree = "<group>"; };
		9CA56333296DB59600F0892C /* ReminderDoneButton.swift */ = {isa = PBXFileReference; lastKnownFileType = sourcecode.swift; path = ReminderDoneButton.swift; sourceTree = "<group>"; };
		9CA56336296DB98A00F0892C /* MainViewController+Action.swift */ = {isa = PBXFileReference; lastKnownFileType = sourcecode.swift; path = "MainViewController+Action.swift"; sourceTree = "<group>"; };
/* End PBXFileReference section */

/* Begin PBXFrameworksBuildPhase section */
		9CA56305296C7E1100F0892C /* Frameworks */ = {
			isa = PBXFrameworksBuildPhase;
			buildActionMask = 2147483647;
			files = (
			);
			runOnlyForDeploymentPostprocessing = 0;
		};
/* End PBXFrameworksBuildPhase section */

/* Begin PBXGroup section */
		9C11A193296F316600240E3E /* Detail */ = {
			isa = PBXGroup;
			children = (
				9C11A194296F318200240E3E /* ReminderViewController.swift */,
				9C11A196296F350B00240E3E /* ReminderViewController+Row.swift */,
			);
			path = Detail;
			sourceTree = "<group>";
		};
		9CA562FF296C7E1100F0892C = {
			isa = PBXGroup;
			children = (
				9CA5630A296C7E1100F0892C /* Reminder */,
				9CA56309296C7E1100F0892C /* Products */,
			);
			sourceTree = "<group>";
		};
		9CA56309296C7E1100F0892C /* Products */ = {
			isa = PBXGroup;
			children = (
				9CA56308296C7E1100F0892C /* Reminder.app */,
			);
			name = Products;
			sourceTree = "<group>";
		};
		9CA5630A296C7E1100F0892C /* Reminder */ = {
			isa = PBXGroup;
			children = (
				9CA5631F296C7E8B00F0892C /* App */,
				9CA5632D296C8AEA00F0892C /* Models */,
				9CA56329296C834C00F0892C /* Modules */,
				9CA56328296C81BC00F0892C /* Extensions */,
				9CA56320296C7E9C00F0892C /* Support files */,
				9CA56319296C7E1400F0892C /* Info.plist */,
			);
			path = Reminder;
			sourceTree = "<group>";
		};
		9CA5631F296C7E8B00F0892C /* App */ = {
			isa = PBXGroup;
			children = (
				9CA56321296C7FCF00F0892C /* Coordinator */,
				9CA5630B296C7E1100F0892C /* AppDelegate.swift */,
				9CA5630D296C7E1100F0892C /* SceneDelegate.swift */,
			);
			path = App;
			sourceTree = "<group>";
		};
		9CA56320296C7E9C00F0892C /* Support files */ = {
			isa = PBXGroup;
			children = (
				9CA56314296C7E1400F0892C /* Assets.xcassets */,
				9CA56316296C7E1400F0892C /* LaunchScreen.storyboard */,
			);
			path = "Support files";
			sourceTree = "<group>";
		};
		9CA56321296C7FCF00F0892C /* Coordinator */ = {
			isa = PBXGroup;
			children = (
				9CA56324296C802000F0892C /* AppCoordinatorProtocol.swift */,
				9CA56322296C7FDB00F0892C /* AppCoordinator.swift */,
			);
			path = Coordinator;
			sourceTree = "<group>";
		};
		9CA56328296C81BC00F0892C /* Extensions */ = {
			isa = PBXGroup;
			children = (
				9CA56326296C81B300F0892C /* UIFont+.swift */,
				9CA5632E296C943F00F0892C /* Date+Today.swift */,
				9CA56330296DB37700F0892C /* Array+Reminder.swift */,
				9C11A198296F37D700240E3E /* UIColor+.swift */,
			);
			path = Extensions;
			sourceTree = "<group>";
		};
		9CA56329296C834C00F0892C /* Modules */ = {
			isa = PBXGroup;
			children = (
				9CA5632A296C835500F0892C /* Main */,
				9C11A193296F316600240E3E /* Detail */,
			);
			path = Modules;
			sourceTree = "<group>";
		};
		9CA5632A296C835500F0892C /* Main */ = {
			isa = PBXGroup;
			children = (
				9CA56332296DB58C00F0892C /* Views */,
				9CA56335296DB97000F0892C /* Controller */,
			);
			path = Main;
			sourceTree = "<group>";
		};
		9CA5632D296C8AEA00F0892C /* Models */ = {
			isa = PBXGroup;
			children = (
				9CA5632B296C8AE500F0892C /* Reminder.swift */,
			);
			path = Models;
			sourceTree = "<group>";
		};
		9CA56332296DB58C00F0892C /* Views */ = {
			isa = PBXGroup;
			children = (
				9CA56333296DB59600F0892C /* ReminderDoneButton.swift */,
			);
			path = Views;
			sourceTree = "<group>";
		};
		9CA56335296DB97000F0892C /* Controller */ = {
			isa = PBXGroup;
			children = (
				9CA5630F296C7E1100F0892C /* MainViewController.swift */,
				9CA56336296DB98A00F0892C /* MainViewController+Action.swift */,
			);
			path = Controller;
			sourceTree = "<group>";
		};
/* End PBXGroup section */

/* Begin PBXNativeTarget section */
		9CA56307296C7E1100F0892C /* Reminder */ = {
			isa = PBXNativeTarget;
			buildConfigurationList = 9CA5631C296C7E1400F0892C /* Build configuration list for PBXNativeTarget "Reminder" */;
			buildPhases = (
				9CA56304296C7E1100F0892C /* Sources */,
				9CA56305296C7E1100F0892C /* Frameworks */,
				9CA56306296C7E1100F0892C /* Resources */,
			);
			buildRules = (
			);
			dependencies = (
			);
			name = Reminder;
			productName = Reminder;
			productReference = 9CA56308296C7E1100F0892C /* Reminder.app */;
			productType = "com.apple.product-type.application";
		};
/* End PBXNativeTarget section */

/* Begin PBXProject section */
		9CA56300296C7E1100F0892C /* Project object */ = {
			isa = PBXProject;
			attributes = {
				BuildIndependentTargetsInParallel = 1;
				LastSwiftUpdateCheck = 1400;
				LastUpgradeCheck = 1400;
				TargetAttributes = {
					9CA56307296C7E1100F0892C = {
						CreatedOnToolsVersion = 14.0.1;
					};
				};
			};
			buildConfigurationList = 9CA56303296C7E1100F0892C /* Build configuration list for PBXProject "Reminder" */;
			compatibilityVersion = "Xcode 14.0";
			developmentRegion = en;
			hasScannedForEncodings = 0;
			knownRegions = (
				en,
				Base,
			);
			mainGroup = 9CA562FF296C7E1100F0892C;
			productRefGroup = 9CA56309296C7E1100F0892C /* Products */;
			projectDirPath = "";
			projectRoot = "";
			targets = (
				9CA56307296C7E1100F0892C /* Reminder */,
			);
		};
/* End PBXProject section */

/* Begin PBXResourcesBuildPhase section */
		9CA56306296C7E1100F0892C /* Resources */ = {
			isa = PBXResourcesBuildPhase;
			buildActionMask = 2147483647;
			files = (
				9CA56318296C7E1400F0892C /* LaunchScreen.storyboard in Resources */,
				9CA56315296C7E1400F0892C /* Assets.xcassets in Resources */,
			);
			runOnlyForDeploymentPostprocessing = 0;
		};
/* End PBXResourcesBuildPhase section */

/* Begin PBXSourcesBuildPhase section */
		9CA56304296C7E1100F0892C /* Sources */ = {
			isa = PBXSourcesBuildPhase;
			buildActionMask = 2147483647;
			files = (
				9CA56331296DB37700F0892C /* Array+Reminder.swift in Sources */,
				9CA56323296C7FDB00F0892C /* AppCoordinator.swift in Sources */,
				9CA56310296C7E1100F0892C /* MainViewController.swift in Sources */,
				9CA5630C296C7E1100F0892C /* AppDelegate.swift in Sources */,
				9CA56325296C802000F0892C /* AppCoordinatorProtocol.swift in Sources */,
				9CA56327296C81B300F0892C /* UIFont+.swift in Sources */,
				9CA5632F296C943F00F0892C /* Date+Today.swift in Sources */,
				9CA56337296DB98A00F0892C /* MainViewController+Action.swift in Sources */,
				9C11A195296F318200240E3E /* ReminderViewController.swift in Sources */,
				9C11A197296F350B00240E3E /* ReminderViewController+Row.swift in Sources */,
				9CA56334296DB59600F0892C /* ReminderDoneButton.swift in Sources */,
				9CA5630E296C7E1100F0892C /* SceneDelegate.swift in Sources */,
				9CA5632C296C8AE500F0892C /* Reminder.swift in Sources */,
				9C11A199296F37D700240E3E /* UIColor+.swift in Sources */,
			);
			runOnlyForDeploymentPostprocessing = 0;
		};
/* End PBXSourcesBuildPhase section */

/* Begin PBXVariantGroup section */
		9CA56316296C7E1400F0892C /* LaunchScreen.storyboard */ = {
			isa = PBXVariantGroup;
			children = (
				9CA56317296C7E1400F0892C /* Base */,
			);
			name = LaunchScreen.storyboard;
			sourceTree = "<group>";
		};
/* End PBXVariantGroup section */

/* Begin XCBuildConfiguration section */
		9CA5631A296C7E1400F0892C /* Debug */ = {
			isa = XCBuildConfiguration;
			buildSettings = {
				ALWAYS_SEARCH_USER_PATHS = NO;
				CLANG_ANALYZER_NONNULL = YES;
				CLANG_ANALYZER_NUMBER_OBJECT_CONVERSION = YES_AGGRESSIVE;
				CLANG_CXX_LANGUAGE_STANDARD = "gnu++20";
				CLANG_ENABLE_MODULES = YES;
				CLANG_ENABLE_OBJC_ARC = YES;
				CLANG_ENABLE_OBJC_WEAK = YES;
				CLANG_WARN_BLOCK_CAPTURE_AUTORELEASING = YES;
				CLANG_WARN_BOOL_CONVERSION = YES;
				CLANG_WARN_COMMA = YES;
				CLANG_WARN_CONSTANT_CONVERSION = YES;
				CLANG_WARN_DEPRECATED_OBJC_IMPLEMENTATIONS = YES;
				CLANG_WARN_DIRECT_OBJC_ISA_USAGE = YES_ERROR;
				CLANG_WARN_DOCUMENTATION_COMMENTS = YES;
				CLANG_WARN_EMPTY_BODY = YES;
				CLANG_WARN_ENUM_CONVERSION = YES;
				CLANG_WARN_INFINITE_RECURSION = YES;
				CLANG_WARN_INT_CONVERSION = YES;
				CLANG_WARN_NON_LITERAL_NULL_CONVERSION = YES;
				CLANG_WARN_OBJC_IMPLICIT_RETAIN_SELF = YES;
				CLANG_WARN_OBJC_LITERAL_CONVERSION = YES;
				CLANG_WARN_OBJC_ROOT_CLASS = YES_ERROR;
				CLANG_WARN_QUOTED_INCLUDE_IN_FRAMEWORK_HEADER = YES;
				CLANG_WARN_RANGE_LOOP_ANALYSIS = YES;
				CLANG_WARN_STRICT_PROTOTYPES = YES;
				CLANG_WARN_SUSPICIOUS_MOVE = YES;
				CLANG_WARN_UNGUARDED_AVAILABILITY = YES_AGGRESSIVE;
				CLANG_WARN_UNREACHABLE_CODE = YES;
				CLANG_WARN__DUPLICATE_METHOD_MATCH = YES;
				COPY_PHASE_STRIP = NO;
				DEBUG_INFORMATION_FORMAT = dwarf;
				ENABLE_STRICT_OBJC_MSGSEND = YES;
				ENABLE_TESTABILITY = YES;
				GCC_C_LANGUAGE_STANDARD = gnu11;
				GCC_DYNAMIC_NO_PIC = NO;
				GCC_NO_COMMON_BLOCKS = YES;
				GCC_OPTIMIZATION_LEVEL = 0;
				GCC_PREPROCESSOR_DEFINITIONS = (
					"DEBUG=1",
					"$(inherited)",
				);
				GCC_WARN_64_TO_32_BIT_CONVERSION = YES;
				GCC_WARN_ABOUT_RETURN_TYPE = YES_ERROR;
				GCC_WARN_UNDECLARED_SELECTOR = YES;
				GCC_WARN_UNINITIALIZED_AUTOS = YES_AGGRESSIVE;
				GCC_WARN_UNUSED_FUNCTION = YES;
				GCC_WARN_UNUSED_VARIABLE = YES;
				IPHONEOS_DEPLOYMENT_TARGET = 16.0;
				MTL_ENABLE_DEBUG_INFO = INCLUDE_SOURCE;
				MTL_FAST_MATH = YES;
				ONLY_ACTIVE_ARCH = YES;
				SDKROOT = iphoneos;
				SWIFT_ACTIVE_COMPILATION_CONDITIONS = DEBUG;
				SWIFT_OPTIMIZATION_LEVEL = "-Onone";
			};
			name = Debug;
		};
		9CA5631B296C7E1400F0892C /* Release */ = {
			isa = XCBuildConfiguration;
			buildSettings = {
				ALWAYS_SEARCH_USER_PATHS = NO;
				CLANG_ANALYZER_NONNULL = YES;
				CLANG_ANALYZER_NUMBER_OBJECT_CONVERSION = YES_AGGRESSIVE;
				CLANG_CXX_LANGUAGE_STANDARD = "gnu++20";
				CLANG_ENABLE_MODULES = YES;
				CLANG_ENABLE_OBJC_ARC = YES;
				CLANG_ENABLE_OBJC_WEAK = YES;
				CLANG_WARN_BLOCK_CAPTURE_AUTORELEASING = YES;
				CLANG_WARN_BOOL_CONVERSION = YES;
				CLANG_WARN_COMMA = YES;
				CLANG_WARN_CONSTANT_CONVERSION = YES;
				CLANG_WARN_DEPRECATED_OBJC_IMPLEMENTATIONS = YES;
				CLANG_WARN_DIRECT_OBJC_ISA_USAGE = YES_ERROR;
				CLANG_WARN_DOCUMENTATION_COMMENTS = YES;
				CLANG_WARN_EMPTY_BODY = YES;
				CLANG_WARN_ENUM_CONVERSION = YES;
				CLANG_WARN_INFINITE_RECURSION = YES;
				CLANG_WARN_INT_CONVERSION = YES;
				CLANG_WARN_NON_LITERAL_NULL_CONVERSION = YES;
				CLANG_WARN_OBJC_IMPLICIT_RETAIN_SELF = YES;
				CLANG_WARN_OBJC_LITERAL_CONVERSION = YES;
				CLANG_WARN_OBJC_ROOT_CLASS = YES_ERROR;
				CLANG_WARN_QUOTED_INCLUDE_IN_FRAMEWORK_HEADER = YES;
				CLANG_WARN_RANGE_LOOP_ANALYSIS = YES;
				CLANG_WARN_STRICT_PROTOTYPES = YES;
				CLANG_WARN_SUSPICIOUS_MOVE = YES;
				CLANG_WARN_UNGUARDED_AVAILABILITY = YES_AGGRESSIVE;
				CLANG_WARN_UNREACHABLE_CODE = YES;
				CLANG_WARN__DUPLICATE_METHOD_MATCH = YES;
				COPY_PHASE_STRIP = NO;
				DEBUG_INFORMATION_FORMAT = "dwarf-with-dsym";
				ENABLE_NS_ASSERTIONS = NO;
				ENABLE_STRICT_OBJC_MSGSEND = YES;
				GCC_C_LANGUAGE_STANDARD = gnu11;
				GCC_NO_COMMON_BLOCKS = YES;
				GCC_WARN_64_TO_32_BIT_CONVERSION = YES;
				GCC_WARN_ABOUT_RETURN_TYPE = YES_ERROR;
				GCC_WARN_UNDECLARED_SELECTOR = YES;
				GCC_WARN_UNINITIALIZED_AUTOS = YES_AGGRESSIVE;
				GCC_WARN_UNUSED_FUNCTION = YES;
				GCC_WARN_UNUSED_VARIABLE = YES;
				IPHONEOS_DEPLOYMENT_TARGET = 16.0;
				MTL_ENABLE_DEBUG_INFO = NO;
				MTL_FAST_MATH = YES;
				SDKROOT = iphoneos;
				SWIFT_COMPILATION_MODE = wholemodule;
				SWIFT_OPTIMIZATION_LEVEL = "-O";
				VALIDATE_PRODUCT = YES;
			};
			name = Release;
		};
		9CA5631D296C7E1400F0892C /* Debug */ = {
			isa = XCBuildConfiguration;
			buildSettings = {
				ASSETCATALOG_COMPILER_APPICON_NAME = AppIcon;
				ASSETCATALOG_COMPILER_GLOBAL_ACCENT_COLOR_NAME = AccentColor;
				CODE_SIGN_STYLE = Automatic;
				CURRENT_PROJECT_VERSION = 1;
				DEVELOPMENT_TEAM = 7XP9H5G8CF;
				GENERATE_INFOPLIST_FILE = YES;
				INFOPLIST_FILE = Reminder/Info.plist;
				INFOPLIST_KEY_UIApplicationSupportsIndirectInputEvents = YES;
				INFOPLIST_KEY_UILaunchStoryboardName = LaunchScreen.storyboard;
				INFOPLIST_KEY_UISupportedInterfaceOrientations_iPad = "UIInterfaceOrientationPortrait UIInterfaceOrientationPortraitUpsideDown UIInterfaceOrientationLandscapeLeft UIInterfaceOrientationLandscapeRight";
				INFOPLIST_KEY_UISupportedInterfaceOrientations_iPhone = "UIInterfaceOrientationPortrait UIInterfaceOrientationLandscapeLeft UIInterfaceOrientationLandscapeRight";
				LD_RUNPATH_SEARCH_PATHS = (
					"$(inherited)",
					"@executable_path/Frameworks",
				);
				MARKETING_VERSION = 1.0;
				PRODUCT_BUNDLE_IDENTIFIER = com.underscoreow.Reminder;
				PRODUCT_NAME = "$(TARGET_NAME)";
				SWIFT_EMIT_LOC_STRINGS = YES;
				SWIFT_VERSION = 5.0;
				TARGETED_DEVICE_FAMILY = "1,2";
			};
			name = Debug;
		};
		9CA5631E296C7E1400F0892C /* Release */ = {
			isa = XCBuildConfiguration;
			buildSettings = {
				ASSETCATALOG_COMPILER_APPICON_NAME = AppIcon;
				ASSETCATALOG_COMPILER_GLOBAL_ACCENT_COLOR_NAME = AccentColor;
				CODE_SIGN_STYLE = Automatic;
				CURRENT_PROJECT_VERSION = 1;
				DEVELOPMENT_TEAM = 7XP9H5G8CF;
				GENERATE_INFOPLIST_FILE = YES;
				INFOPLIST_FILE = Reminder/Info.plist;
				INFOPLIST_KEY_UIApplicationSupportsIndirectInputEvents = YES;
				INFOPLIST_KEY_UILaunchStoryboardName = LaunchScreen.storyboard;
				INFOPLIST_KEY_UISupportedInterfaceOrientations_iPad = "UIInterfaceOrientationPortrait UIInterfaceOrientationPortraitUpsideDown UIInterfaceOrientationLandscapeLeft UIInterfaceOrientationLandscapeRight";
				INFOPLIST_KEY_UISupportedInterfaceOrientations_iPhone = "UIInterfaceOrientationPortrait UIInterfaceOrientationLandscapeLeft UIInterfaceOrientationLandscapeRight";
				LD_RUNPATH_SEARCH_PATHS = (
					"$(inherited)",
					"@executable_path/Frameworks",
				);
				MARKETING_VERSION = 1.0;
				PRODUCT_BUNDLE_IDENTIFIER = com.underscoreow.Reminder;
				PRODUCT_NAME = "$(TARGET_NAME)";
				SWIFT_EMIT_LOC_STRINGS = YES;
				SWIFT_VERSION = 5.0;
				TARGETED_DEVICE_FAMILY = "1,2";
			};
			name = Release;
		};
/* End XCBuildConfiguration section */

/* Begin XCConfigurationList section */
		9CA56303296C7E1100F0892C /* Build configuration list for PBXProject "Reminder" */ = {
			isa = XCConfigurationList;
			buildConfigurations = (
				9CA5631A296C7E1400F0892C /* Debug */,
				9CA5631B296C7E1400F0892C /* Release */,
			);
			defaultConfigurationIsVisible = 0;
			defaultConfigurationName = Release;
		};
		9CA5631C296C7E1400F0892C /* Build configuration list for PBXNativeTarget "Reminder" */ = {
			isa = XCConfigurationList;
			buildConfigurations = (
				9CA5631D296C7E1400F0892C /* Debug */,
				9CA5631E296C7E1400F0892C /* Release */,
			);
			defaultConfigurationIsVisible = 0;
			defaultConfigurationName = Release;
		};
/* End XCConfigurationList section */
	};
	rootObject = 9CA56300296C7E1100F0892C /* Project object */;
}
